
Microsoft Visual Studio Solution File, Format Version 12.00
# Visual Studio 15
Project("{FAE04EC0-301F-11D3-BF4B-00C04F79EFBC}") = "avo_game", "Assembly-CSharp.csproj", "{45099788-51AD-984C-6086-78D1DACD827D}"
EndProject
Project("{FAE04EC0-301F-11D3-BF4B-00C04F79EFBC}") = "avo_game", "Assembly-CSharp-firstpass.csproj", "{8A0358F3-425C-B001-BADB-19F5ACED3675}"
EndProject
Project("{FAE04EC0-301F-11D3-BF4B-00C04F79EFBC}") = "avo_game", "Assembly-CSharp-Editor-firstpass.csproj", "{D8E35C7F-5C07-B03E-0726-EE11A0D0DDED}"
EndProject
Global
	GlobalSection(SolutionConfigurationPlatforms) = preSolution
		Debug|Any CPU = Debug|Any CPU
		Release|Any CPU = Release|Any CPU
	EndGlobalSection
	GlobalSection(ProjectConfigurationPlatforms) = postSolution
		{45099788-51AD-984C-6086-78D1DACD827D}.Debug|Any CPU.ActiveCfg = Debug|Any CPU
		{45099788-51AD-984C-6086-78D1DACD827D}.Debug|Any CPU.Build.0 = Debug|Any CPU
		{45099788-51AD-984C-6086-78D1DACD827D}.Release|Any CPU.ActiveCfg = Release|Any CPU
		{45099788-51AD-984C-6086-78D1DACD827D}.Release|Any CPU.Build.0 = Release|Any CPU
		{8A0358F3-425C-B001-BADB-19F5ACED3675}.Debug|Any CPU.ActiveCfg = Debug|Any CPU
		{8A0358F3-425C-B001-BADB-19F5ACED3675}.Debug|Any CPU.Build.0 = Debug|Any CPU
		{8A0358F3-425C-B001-BADB-19F5ACED3675}.Release|Any CPU.ActiveCfg = Release|Any CPU
		{8A0358F3-425C-B001-BADB-19F5ACED3675}.Release|Any CPU.Build.0 = Release|Any CPU
		{D8E35C7F-5C07-B03E-0726-EE11A0D0DDED}.Debug|Any CPU.ActiveCfg = Debug|Any CPU
		{D8E35C7F-5C07-B03E-0726-EE11A0D0DDED}.Debug|Any CPU.Build.0 = Debug|Any CPU
		{D8E35C7F-5C07-B03E-0726-EE11A0D0DDED}.Release|Any CPU.ActiveCfg = Release|Any CPU
		{D8E35C7F-5C07-B03E-0726-EE11A0D0DDED}.Release|Any CPU.Build.0 = Release|Any CPU
	EndGlobalSection
	GlobalSection(SolutionProperties) = preSolution
		HideSolutionNode = FALSE
	EndGlobalSection
EndGlobal
